hash: 0e612fdbba4da597c3765ee119607c7d3a07b624c602936420b69cedddb43f1e
updated: 2017-03-03T00:05:07.6864243+02:00
imports:
- name: github.com/Sirupsen/logrus
  version: c078b1e43f58d563c74cebe63c85789e76ddb627
- name: golang.org/x/net
  version: 9773060888fba93b172cedcd70127db1ab739bd1
  subpackages:
  - context
  - context/ctxhttp
- name: golang.org/x/sys
  version: 478fcf54317e52ab69f40bb4c7a1520288d7f7ea
  subpackages:
  - unix
- name: gopkg.in/olivere/elastic.v5
  version: b272fab42387a42585235d56f8c6b53b13ddfb7d
  subpackages:
  - backoff
  - uritemplates
- name: gopkg.in/yaml.v2
  version: a3f3340b5840cee44f372bddb5880fcbc419b46a
testImports: []
